
Microsoft Visual Studio Solution File, Format Version 12.00
# Visual Studio Version 17
VisualStudioVersion = 17.14.36414.22
MinimumVisualStudioVersion = 10.0.40219.1
Project("{FAE04EC0-301F-11D3-BF4B-00C04F79EFBC}") = "ProgPart1", "ProgPart1\ProgPart1.csproj", "{3F7C8B4F-02FA-4043-A84F-5127E6336C9F}"
EndProject
Project("{FAE04EC0-301F-11D3-BF4B-00C04F79EFBC}") = "ProgUnitTest", "ProgUnitTest\ProgUnitTest.csproj", "{9C9F595B-87ED-4864-8E90-9A215CC33433}"
EndProject
Global
	GlobalSection(SolutionConfigurationPlatforms) = preSolution
		Debug|Any CPU = Debug|Any CPU
		Release|Any CPU = Release|Any CPU
	EndGlobalSection
	GlobalSection(ProjectConfigurationPlatforms) = postSolution
		{3F7C8B4F-02FA-4043-A84F-5127E6336C9F}.Debug|Any CPU.ActiveCfg = Debug|Any CPU
		{3F7C8B4F-02FA-4043-A84F-5127E6336C9F}.Debug|Any CPU.Build.0 = Debug|Any CPU
		{3F7C8B4F-02FA-4043-A84F-5127E6336C9F}.Release|Any CPU.ActiveCfg = Release|Any CPU
		{3F7C8B4F-02FA-4043-A84F-5127E6336C9F}.Release|Any CPU.Build.0 = Release|Any CPU
		{9C9F595B-87ED-4864-8E90-9A215CC33433}.Debug|Any CPU.ActiveCfg = Debug|Any CPU
		{9C9F595B-87ED-4864-8E90-9A215CC33433}.Debug|Any CPU.Build.0 = Debug|Any CPU
		{9C9F595B-87ED-4864-8E90-9A215CC33433}.Release|Any CPU.ActiveCfg = Release|Any CPU
		{9C9F595B-87ED-4864-8E90-9A215CC33433}.Release|Any CPU.Build.0 = Release|Any CPU
	EndGlobalSection
	GlobalSection(SolutionProperties) = preSolution
		HideSolutionNode = FALSE
	EndGlobalSection
	GlobalSection(ExtensibilityGlobals) = postSolution
		SolutionGuid = {8433785F-A934-4244-84AC-1110244A3DBF}
	EndGlobalSection
EndGlobal
